
Microsoft Visual Studio Solution File, Format Version 12.00
# Visual Studio 15
VisualStudioVersion = 15.0.28307.271
MinimumVisualStudioVersion = 10.0.40219.1
Project("{FAE04EC0-301F-11D3-BF4B-00C04F79EFBC}") = "DocumentsSimple", "DocumentsSimple\DocumentsSimple.csproj", "{AF640215-C6A9-44D6-8563-695AD3EC04DD}"
EndProject
Global
	GlobalSection(SolutionConfigurationPlatforms) = preSolution
		Debug|Any CPU = Debug|Any CPU
		Release|Any CPU = Release|Any CPU
	EndGlobalSection
	GlobalSection(ProjectConfigurationPlatforms) = postSolution
		{AF640215-C6A9-44D6-8563-695AD3EC04DD}.Debug|Any CPU.ActiveCfg = Debug|Any CPU
		{AF640215-C6A9-44D6-8563-695AD3EC04DD}.Debug|Any CPU.Build.0 = Debug|Any CPU
		{AF640215-C6A9-44D6-8563-695AD3EC04DD}.Release|Any CPU.ActiveCfg = Release|Any CPU
		{AF640215-C6A9-44D6-8563-695AD3EC04DD}.Release|Any CPU.Build.0 = Release|Any CPU
	EndGlobalSection
	GlobalSection(SolutionProperties) = preSolution
		HideSolutionNode = FALSE
	EndGlobalSection
	GlobalSection(ExtensibilityGlobals) = postSolution
		SolutionGuid = {AAAF1FB2-355E-409E-B285-90569B7304D8}
	EndGlobalSection
EndGlobal
